
Microsoft Visual Studio Solution File, Format Version 12.00
# Visual Studio Version 16
VisualStudioVersion = 16.0.30717.126
MinimumVisualStudioVersion = 10.0.40219.1
Project("{9A19103F-16F7-4668-BE54-9A1E7A4F7556}") = "Pitney", "Pitney\Pitney.csproj", "{432EB731-809E-4449-8811-05F587E3C664}"
EndProject
Project("{FAE04EC0-301F-11D3-BF4B-00C04F79EFBC}") = "AddressControllerTests", "AddressControllerTests\AddressControllerTests.csproj", "{86ACC397-2B1B-4C48-830E-9F09F27B9215}"
EndProject
Global
	GlobalSection(SolutionConfigurationPlatforms) = preSolution
		Debug|Any CPU = Debug|Any CPU
		Release|Any CPU = Release|Any CPU
	EndGlobalSection
	GlobalSection(ProjectConfigurationPlatforms) = postSolution
		{432EB731-809E-4449-8811-05F587E3C664}.Debug|Any CPU.ActiveCfg = Debug|Any CPU
		{432EB731-809E-4449-8811-05F587E3C664}.Debug|Any CPU.Build.0 = Debug|Any CPU
		{432EB731-809E-4449-8811-05F587E3C664}.Release|Any CPU.ActiveCfg = Release|Any CPU
		{432EB731-809E-4449-8811-05F587E3C664}.Release|Any CPU.Build.0 = Release|Any CPU
		{86ACC397-2B1B-4C48-830E-9F09F27B9215}.Debug|Any CPU.ActiveCfg = Debug|Any CPU
		{86ACC397-2B1B-4C48-830E-9F09F27B9215}.Debug|Any CPU.Build.0 = Debug|Any CPU
		{86ACC397-2B1B-4C48-830E-9F09F27B9215}.Release|Any CPU.ActiveCfg = Release|Any CPU
		{86ACC397-2B1B-4C48-830E-9F09F27B9215}.Release|Any CPU.Build.0 = Release|Any CPU
	EndGlobalSection
	GlobalSection(SolutionProperties) = preSolution
		HideSolutionNode = FALSE
	EndGlobalSection
	GlobalSection(ExtensibilityGlobals) = postSolution
		SolutionGuid = {FFD0976F-25E8-4653-A0F9-EA291B60BA8C}
	EndGlobalSection
EndGlobal
